
Microsoft Visual Studio Solution File, Format Version 12.00
# Visual Studio Version 17
VisualStudioVersion = 17.2.32616.157
MinimumVisualStudioVersion = 10.0.40219.1
Project("{FAE04EC0-301F-11D3-BF4B-00C04F79EFBC}") = "Reversed Strings", "Reversed Strings\Reversed Strings.csproj", "{F4EEF353-2542-42A0-8087-51B6153F2057}"
EndProject
Global
	GlobalSection(SolutionConfigurationPlatforms) = preSolution
		Debug|Any CPU = Debug|Any CPU
		Release|Any CPU = Release|Any CPU
	EndGlobalSection
	GlobalSection(ProjectConfigurationPlatforms) = postSolution
		{F4EEF353-2542-42A0-8087-51B6153F2057}.Debug|Any CPU.ActiveCfg = Debug|Any CPU
		{F4EEF353-2542-42A0-8087-51B6153F2057}.Debug|Any CPU.Build.0 = Debug|Any CPU
		{F4EEF353-2542-42A0-8087-51B6153F2057}.Release|Any CPU.ActiveCfg = Release|Any CPU
		{F4EEF353-2542-42A0-8087-51B6153F2057}.Release|Any CPU.Build.0 = Release|Any CPU
	EndGlobalSection
	GlobalSection(SolutionProperties) = preSolution
		HideSolutionNode = FALSE
	EndGlobalSection
	GlobalSection(ExtensibilityGlobals) = postSolution
		SolutionGuid = {31692938-A526-455A-AAC5-F7CF4ED9D3A3}
	EndGlobalSection
EndGlobal
